
Microsoft Visual Studio Solution File, Format Version 12.00
# Visual Studio 15
VisualStudioVersion = 15.0.26430.6
MinimumVisualStudioVersion = 10.0.40219.1
Project("{FAE04EC0-301F-11D3-BF4B-00C04F79EFBC}") = "EditoraCrescer.ConsoleApplicationTeste", "EditoraCrescer.ConsoleApplicationTeste\EditoraCrescer.ConsoleApplicationTeste.csproj", "{F374714C-69D6-44B3-82FB-FF0240579791}"
EndProject
Project("{FAE04EC0-301F-11D3-BF4B-00C04F79EFBC}") = "EditoraCrescer.Infraestrutura", "EditoraCrescer.Infraestrutura\EditoraCrescer.Infraestrutura.csproj", "{BCE633D0-7B3B-4257-ABE3-191D566A7606}"
EndProject
Project("{FAE04EC0-301F-11D3-BF4B-00C04F79EFBC}") = "EditoraCrescer.Api", "EditoraCrescer.Api\EditoraCrescer.Api.csproj", "{2FD28E0D-9B11-4D40-997F-CAF85BEF2085}"
EndProject
Global
	GlobalSection(SolutionConfigurationPlatforms) = preSolution
		Debug|Any CPU = Debug|Any CPU
		Release|Any CPU = Release|Any CPU
	EndGlobalSection
	GlobalSection(ProjectConfigurationPlatforms) = postSolution
		{F374714C-69D6-44B3-82FB-FF0240579791}.Debug|Any CPU.ActiveCfg = Debug|Any CPU
		{F374714C-69D6-44B3-82FB-FF0240579791}.Debug|Any CPU.Build.0 = Debug|Any CPU
		{F374714C-69D6-44B3-82FB-FF0240579791}.Release|Any CPU.ActiveCfg = Release|Any CPU
		{F374714C-69D6-44B3-82FB-FF0240579791}.Release|Any CPU.Build.0 = Release|Any CPU
		{BCE633D0-7B3B-4257-ABE3-191D566A7606}.Debug|Any CPU.ActiveCfg = Debug|Any CPU
		{BCE633D0-7B3B-4257-ABE3-191D566A7606}.Debug|Any CPU.Build.0 = Debug|Any CPU
		{BCE633D0-7B3B-4257-ABE3-191D566A7606}.Release|Any CPU.ActiveCfg = Release|Any CPU
		{BCE633D0-7B3B-4257-ABE3-191D566A7606}.Release|Any CPU.Build.0 = Release|Any CPU
		{2FD28E0D-9B11-4D40-997F-CAF85BEF2085}.Debug|Any CPU.ActiveCfg = Debug|Any CPU
		{2FD28E0D-9B11-4D40-997F-CAF85BEF2085}.Debug|Any CPU.Build.0 = Debug|Any CPU
		{2FD28E0D-9B11-4D40-997F-CAF85BEF2085}.Release|Any CPU.ActiveCfg = Release|Any CPU
		{2FD28E0D-9B11-4D40-997F-CAF85BEF2085}.Release|Any CPU.Build.0 = Release|Any CPU
	EndGlobalSection
	GlobalSection(SolutionProperties) = preSolution
		HideSolutionNode = FALSE
	EndGlobalSection
EndGlobal
