
Microsoft Visual Studio Solution File, Format Version 12.00
# Visual Studio 15
VisualStudioVersion = 15.0.26430.6
MinimumVisualStudioVersion = 10.0.40219.1
Project("{FAE04EC0-301F-11D3-BF4B-00C04F79EFBC}") = "Imobiliaria.Api", "Imobiliaria.Api\Imobiliaria.Api.csproj", "{FAE8A8E5-A278-4C46-BEE0-052ED44DC2D3}"
EndProject
Project("{FAE04EC0-301F-11D3-BF4B-00C04F79EFBC}") = "Imobiliaria.Repositorio", "Imobiliaria.Repositorio\Imobiliaria.Repositorio.csproj", "{50E2A83F-87C2-426F-81A4-4F4F7C03F172}"
EndProject
Project("{FAE04EC0-301F-11D3-BF4B-00C04F79EFBC}") = "Imobiliaria.Dominio", "Imobiliaria.Dominio\Imobiliaria.Dominio.csproj", "{E17F30AC-D7B2-42A4-B5AE-CCF4CBC196CA}"
EndProject
Global
	GlobalSection(SolutionConfigurationPlatforms) = preSolution
		Debug|Any CPU = Debug|Any CPU
		Release|Any CPU = Release|Any CPU
	EndGlobalSection
	GlobalSection(ProjectConfigurationPlatforms) = postSolution
		{FAE8A8E5-A278-4C46-BEE0-052ED44DC2D3}.Debug|Any CPU.ActiveCfg = Debug|Any CPU
		{FAE8A8E5-A278-4C46-BEE0-052ED44DC2D3}.Debug|Any CPU.Build.0 = Debug|Any CPU
		{FAE8A8E5-A278-4C46-BEE0-052ED44DC2D3}.Release|Any CPU.ActiveCfg = Release|Any CPU
		{FAE8A8E5-A278-4C46-BEE0-052ED44DC2D3}.Release|Any CPU.Build.0 = Release|Any CPU
		{50E2A83F-87C2-426F-81A4-4F4F7C03F172}.Debug|Any CPU.ActiveCfg = Debug|Any CPU
		{50E2A83F-87C2-426F-81A4-4F4F7C03F172}.Debug|Any CPU.Build.0 = Debug|Any CPU
		{50E2A83F-87C2-426F-81A4-4F4F7C03F172}.Release|Any CPU.ActiveCfg = Release|Any CPU
		{50E2A83F-87C2-426F-81A4-4F4F7C03F172}.Release|Any CPU.Build.0 = Release|Any CPU
		{E17F30AC-D7B2-42A4-B5AE-CCF4CBC196CA}.Debug|Any CPU.ActiveCfg = Debug|Any CPU
		{E17F30AC-D7B2-42A4-B5AE-CCF4CBC196CA}.Debug|Any CPU.Build.0 = Debug|Any CPU
		{E17F30AC-D7B2-42A4-B5AE-CCF4CBC196CA}.Release|Any CPU.ActiveCfg = Release|Any CPU
		{E17F30AC-D7B2-42A4-B5AE-CCF4CBC196CA}.Release|Any CPU.Build.0 = Release|Any CPU
	EndGlobalSection
	GlobalSection(SolutionProperties) = preSolution
		HideSolutionNode = FALSE
	EndGlobalSection
EndGlobal
